github.com/alttpo/snes v0.0.0-20240925182833-3a580fcee4e3 h1:5izXdQDkYsc5AfyXeWEILW5WT/Qv2TK6HtHk7WJAjrQ=
github.com/alttpo/snes v0.0.0-20240925182833-3a580fcee4e3/go.mod h1:hqcMbI1PDqZfNOwDdcGcsJPS5ca1nRhBIj9wwkMrS1c=
golang.org/x/image v0.20.0 h1:7cVCUjQwfL18gyBJOmYvptfSHS8Fb3YUDtfLIZ7Nbpw=
golang.org/x/image v0.20.0/go.mod h1:0a88To4CYVBAHp5FXJm8o7QbUl37Vd85ply1vyD8auM=
golang.org/x/image v0.25.0 h1:Y6uW6rH1y5y/LK1J8BPWZtr6yZ7hrsy6hFrXjgsc2fQ=
golang.org/x/image v0.25.0/go.mod h1:tCAmOEGthTtkalusGp1g3xa2gke8J6c2N565dTyl9Rs=
